// !$*UTF8*$!
{
	archiveVersion = 1;
	classes = {
	};
	objectVersion = 46;
	objects = {

/* Begin PBXBuildFile section */
		12235BD11EA55FC800727CDE /* AppDelegate.swift in Sources */ = {isa = PBXBuildFile; fileRef = 12235BD01EA55FC800727CDE /* AppDelegate.swift */; };
		12235BD31EA55FC800727CDE /* ViewController.swift in Sources */ = {isa = PBXBuildFile; fileRef = 12235BD21EA55FC800727CDE /* ViewController.swift */; };
		12235BD61EA55FC800727CDE /* Main.storyboard in Resources */ = {isa = PBXBuildFile; fileRef = 12235BD41EA55FC800727CDE /* Main.storyboard */; };
		12235BD81EA55FC800727CDE /* Assets.xcassets in Resources */ = {isa = PBXBuildFile; fileRef = 12235BD71EA55FC800727CDE /* Assets.xcassets */; };
		12235BDB1EA55FC800727CDE /* LaunchScreen.storyboard in Resources */ = {isa = PBXBuildFile; fileRef = 12235BD91EA55FC800727CDE /* LaunchScreen.storyboard */; };
		126028B91EA6B32400E6DACA /* DefinitionViewController.swift in Sources */ = {isa = PBXBuildFile; fileRef = 126028B81EA6B32400E6DACA /* DefinitionViewController.swift */; };
/* End PBXBuildFile section */

/* Begin PBXFileReference section */
		12235BCD1EA55FC800727CDE /* Emoji Dictionariy.app */ = {isa = PBXFileReference; explicitFileType = wrapper.application; includeInIndex = 0; path = "Emoji Dictionariy.app"; sourceTree = BUILT_PRODUCTS_DIR; };
		12235BD01EA55FC800727CDE /* AppDelegate.swift */ = {isa = PBXFileReference; lastKnownFileType = sourcecode.swift; path = AppDelegate.swift; sourceTree = "<group>"; };
		12235BD21EA55FC800727CDE /* ViewController.swift */ = {isa = PBXFileReference; lastKnownFileType = sourcecode.swift; path = ViewController.swift; sourceTree = "<group>"; };
		12235BD51EA55FC800727CDE /* Base */ = {isa = PBXFileReference; lastKnownFileType = file.storyboard; name = Base; path = Base.lproj/Main.storyboard; sourceTree = "<group>"; };
		12235BD71EA55FC800727CDE /* Assets.xcassets */ = {isa = PBXFileReference; lastKnownFileType = folder.assetcatalog; path = Assets.xcassets; sourceTree = "<group>"; };
		12235BDA1EA55FC800727CDE /* Base */ = {isa = PBXFileReference; lastKnownFileType = file.storyboard; name = Base; path = Base.lproj/LaunchScreen.storyboard; sourceTree = "<group>"; };
		12235BDC1EA55FC800727CDE /* Info.plist */ = {isa = PBXFileReference; lastKnownFileType = text.plist.xml; path = Info.plist; sourceTree = "<group>"; };
		126028B81EA6B32400E6DACA /* DefinitionViewController.swift */ = {isa = PBXFileReference; fileEncoding = 4; lastKnownFileType = sourcecode.swift; path = DefinitionViewController.swift; sourceTree = "<group>"; };
/* End PBXFileReference section */

/* Begin PBXFrameworksBuildPhase section */
		12235BCA1EA55FC800727CDE /* Frameworks */ = {
			isa = PBXFrameworksBuildPhase;
			buildActionMask = 2147483647;
			files = (
			);
			runOnlyForDeploymentPostprocessing = 0;
		};
/* End PBXFrameworksBuildPhase section */

/* Begin PBXGroup section */
		12235BC41EA55FC800727CDE = {
			isa = PBXGroup;
			children = (
				126028B81EA6B32400E6DACA /* DefinitionViewController.swift */,
				12235BCF1EA55FC800727CDE /* Emoji Dictionariy */,
				12235BCE1EA55FC800727CDE /* Products */,
			);
			sourceTree = "<group>";
		};
		12235BCE1EA55FC800727CDE /* Products */ = {
			isa = PBXGroup;
			children = (
				12235BCD1EA55FC800727CDE /* Emoji Dictionariy.app */,
			);
			name = Products;
			sourceTree = "<group>";
		};
		12235BCF1EA55FC800727CDE /* Emoji Dictionariy */ = {
			isa = PBXGroup;
			children = (
				12235BD01EA55FC800727CDE /* AppDelegate.swift */,
				12235BD21EA55FC800727CDE /* ViewController.swift */,
				12235BD41EA55FC800727CDE /* Main.storyboard */,
				12235BD71EA55FC800727CDE /* Assets.xcassets */,
				12235BD91EA55FC800727CDE /* LaunchScreen.storyboard */,
				12235BDC1EA55FC800727CDE /* Info.plist */,
			);
			path = "Emoji Dictionariy";
			sourceTree = "<group>";
		};
/* End PBXGroup section */

/* Begin PBXNativeTarget section */
		12235BCC1EA55FC800727CDE /* Emoji Dictionariy */ = {
			isa = PBXNativeTarget;
			buildConfigurationList = 12235BDF1EA55FC800727CDE /* Build configuration list for PBXNativeTarget "Emoji Dictionariy" */;
			buildPhases = (
				12235BC91EA55FC800727CDE /* Sources */,
				12235BCA1EA55FC800727CDE /* Frameworks */,
				12235BCB1EA55FC800727CDE /* Resources */,
			);
			buildRules = (
			);
			dependencies = (
			);
			name = "Emoji Dictionariy";
			productName = "Emoji Dictionariy";
			productReference = 12235BCD1EA55FC800727CDE /* Emoji Dictionariy.app */;
			productType = "com.apple.product-type.application";
		};
/* End PBXNativeTarget section */

/* Begin PBXProject section */
		12235BC51EA55FC800727CDE /* Project object */ = {
			isa = PBXProject;
			attributes = {
				LastSwiftUpdateCheck = 0830;
				LastUpgradeCheck = 0830;
				ORGANIZATIONNAME = "ZMazz Inc.";
				TargetAttributes = {
					12235BCC1EA55FC800727CDE = {
						CreatedOnToolsVersion = 8.3.1;
						ProvisioningStyle = Automatic;
					};
				};
			};
			buildConfigurationList = 12235BC81EA55FC800727CDE /* Build configuration list for PBXProject "Emoji Dictionariy" */;
			compatibilityVersion = "Xcode 3.2";
			developmentRegion = English;
			hasScannedForEncodings = 0;
			knownRegions = (
				en,
				Base,
			);
			mainGroup = 12235BC41EA55FC800727CDE;
			productRefGroup = 12235BCE1EA55FC800727CDE /* Products */;
			projectDirPath = "";
			projectRoot = "";
			targets = (
				12235BCC1EA55FC800727CDE /* Emoji Dictionariy */,
			);
		};
/* End PBXProject section */

/* Begin PBXResourcesBuildPhase section */
		12235BCB1EA55FC800727CDE /* Resources */ = {
			isa = PBXResourcesBuildPhase;
			buildActionMask = 2147483647;
			files = (
				12235BDB1EA55FC800727CDE /* LaunchScreen.storyboard in Resources */,
				12235BD81EA55FC800727CDE /* Assets.xcassets in Resources */,
				12235BD61EA55FC800727CDE /* Main.storyboard in Resources */,
			);
			runOnlyForDeploymentPostprocessing = 0;
		};
/* End PBXResourcesBuildPhase section */

/* Begin PBXSourcesBuildPhase section */
		12235BC91EA55FC800727CDE /* Sources */ = {
			isa = PBXSourcesBuildPhase;
			buildActionMask = 2147483647;
			files = (
				12235BD31EA55FC800727CDE /* ViewController.swift in Sources */,
				126028B91EA6B32400E6DACA /* DefinitionViewController.swift in Sources */,
				12235BD11EA55FC800727CDE /* AppDelegate.swift in Sources */,
			);
			runOnlyForDeploymentPostprocessing = 0;
		};
/* End PBXSourcesBuildPhase section */

/* Begin PBXVariantGroup section */
		12235BD41EA55FC800727CDE /* Main.storyboard */ = {
			isa = PBXVariantGroup;
			children = (
				12235BD51EA55FC800727CDE /* Base */,
			);
			name = Main.storyboard;
			sourceTree = "<group>";
		};
		12235BD91EA55FC800727CDE /* LaunchScreen.storyboard */ = {
			isa = PBXVariantGroup;
			children = (
				12235BDA1EA55FC800727CDE /* Base */,
			);
			name = LaunchScreen.storyboard;
			sourceTree = "<group>";
		};
/* End PBXVariantGroup section */

/* Begin XCBuildConfiguration section */
		12235BDD1EA55FC800727CDE /* Debug */ = {
			isa = XCBuildConfiguration;
			buildSettings = {
				ALWAYS_SEARCH_USER_PATHS = NO;
				CLANG_ANALYZER_NONNULL = YES;
				CLANG_ANALYZER_NUMBER_OBJECT_CONVERSION = YES_AGGRESSIVE;
				CLANG_CXX_LANGUAGE_STANDARD = "gnu++0x";
				CLANG_CXX_LIBRARY = "libc++";
				CLANG_ENABLE_MODULES = YES;
				CLANG_ENABLE_OBJC_ARC = YES;
				CLANG_WARN_BOOL_CONVERSION = YES;
				CLANG_WARN_CONSTANT_CONVERSION = YES;
				CLANG_WARN_DIRECT_OBJC_ISA_USAGE = YES_ERROR;
				CLANG_WARN_DOCUMENTATION_COMMENTS = YES;
				CLANG_WARN_EMPTY_BODY = YES;
				CLANG_WARN_ENUM_CONVERSION = YES;
				CLANG_WARN_INFINITE_RECURSION = YES;
				CLANG_WARN_INT_CONVERSION = YES;
				CLANG_WARN_OBJC_ROOT_CLASS = YES_ERROR;
				CLANG_WARN_SUSPICIOUS_MOVE = YES;
				CLANG_WARN_UNREACHABLE_CODE = YES;
				CLANG_WARN__DUPLICATE_METHOD_MATCH = YES;
				"CODE_SIGN_IDENTITY[sdk=iphoneos*]" = "iPhone Developer";
				COPY_PHASE_STRIP = NO;
				DEBUG_INFORMATION_FORMAT = dwarf;
				ENABLE_STRICT_OBJC_MSGSEND = YES;
				ENABLE_TESTABILITY = YES;
				GCC_C_LANGUAGE_STANDARD = gnu99;
				GCC_DYNAMIC_NO_PIC = NO;
				GCC_NO_COMMON_BLOCKS = YES;
				GCC_OPTIMIZATION_LEVEL = 0;
				GCC_PREPROCESSOR_DEFINITIONS = (
					"DEBUG=1",
					"$(inherited)",
				);
				GCC_WARN_64_TO_32_BIT_CONVERSION = YES;
				GCC_WARN_ABOUT_RETURN_TYPE = YES_ERROR;
				GCC_WARN_UNDECLARED_SELECTOR = YES;
				GCC_WARN_UNINITIALIZED_AUTOS = YES_AGGRESSIVE;
				GCC_WARN_UNUSED_FUNCTION = YES;
				GCC_WARN_UNUSED_VARIABLE = YES;
				IPHONEOS_DEPLOYMENT_TARGET = 10.3;
				MTL_ENABLE_DEBUG_INFO = YES;
				ONLY_ACTIVE_ARCH = YES;
				SDKROOT = iphoneos;
				SWIFT_ACTIVE_COMPILATION_CONDITIONS = DEBUG;
				SWIFT_OPTIMIZATION_LEVEL = "-Onone";
				TARGETED_DEVICE_FAMILY = "1,2";
			};
			name = Debug;
		};
		12235BDE1EA55FC800727CDE /* Release */ = {
			isa = XCBuildConfiguration;
			buildSettings = {
				ALWAYS_SEARCH_USER_PATHS = NO;
				CLANG_ANALYZER_NONNULL = YES;
				CLANG_ANALYZER_NUMBER_OBJECT_CONVERSION = YES_AGGRESSIVE;
				CLANG_CXX_LANGUAGE_STANDARD = "gnu++0x";
				CLANG_CXX_LIBRARY = "libc++";
				CLANG_ENABLE_MODULES = YES;
				CLANG_ENABLE_OBJC_ARC = YES;
				CLANG_WARN_BOOL_CONVERSION = YES;
				CLANG_WARN_CONSTANT_CONVERSION = YES;
				CLANG_WARN_DIRECT_OBJC_ISA_USAGE = YES_ERROR;
				CLANG_WARN_DOCUMENTATION_COMMENTS = YES;
				CLANG_WARN_EMPTY_BODY = YES;
				CLANG_WARN_ENUM_CONVERSION = YES;
				CLANG_WARN_INFINITE_RECURSION = YES;
				CLANG_WARN_INT_CONVERSION = YES;
				CLANG_WARN_OBJC_ROOT_CLASS = YES_ERROR;
				CLANG_WARN_SUSPICIOUS_MOVE = YES;
				CLANG_WARN_UNREACHABLE_CODE = YES;
				CLANG_WARN__DUPLICATE_METHOD_MATCH = YES;
				"CODE_SIGN_IDENTITY[sdk=iphoneos*]" = "iPhone Developer";
				COPY_PHASE_STRIP = NO;
				DEBUG_INFORMATION_FORMAT = "dwarf-with-dsym";
				ENABLE_NS_ASSERTIONS = NO;
				ENABLE_STRICT_OBJC_MSGSEND = YES;
				GCC_C_LANGUAGE_STANDARD = gnu99;
				GCC_NO_COMMON_BLOCKS = YES;
				GCC_WARN_64_TO_32_BIT_CONVERSION = YES;
				GCC_WARN_ABOUT_RETURN_TYPE = YES_ERROR;
				GCC_WARN_UNDECLARED_SELECTOR = YES;
				GCC_WARN_UNINITIALIZED_AUTOS = YES_AGGRESSIVE;
				GCC_WARN_UNUSED_FUNCTION = YES;
				GCC_WARN_UNUSED_VARIABLE = YES;
				IPHONEOS_DEPLOYMENT_TARGET = 10.3;
				MTL_ENABLE_DEBUG_INFO = NO;
				SDKROOT = iphoneos;
				SWIFT_OPTIMIZATION_LEVEL = "-Owholemodule";
				TARGETED_DEVICE_FAMILY = "1,2";
				VALIDATE_PRODUCT = YES;
			};
			name = Release;
		};
		12235BE01EA55FC800727CDE /* Debug */ = {
			isa = XCBuildConfiguration;
			buildSettings = {
				ASSETCATALOG_COMPILER_APPICON_NAME = AppIcon;
				INFOPLIST_FILE = "Emoji Dictionariy/Info.plist";
				LD_RUNPATH_SEARCH_PATHS = "$(inherited) @executable_path/Frameworks";
				PRODUCT_BUNDLE_IDENTIFIER = "com.SwiftApp.Emoji-Dictionariy";
				PRODUCT_NAME = "$(TARGET_NAME)";
				SWIFT_VERSION = 3.0;
			};
			name = Debug;
		};
		12235BE11EA55FC800727CDE /* Release */ = {
			isa = XCBuildConfiguration;
			buildSettings = {
				ASSETCATALOG_COMPILER_APPICON_NAME = AppIcon;
				INFOPLIST_FILE = "Emoji Dictionariy/Info.plist";
				LD_RUNPATH_SEARCH_PATHS = "$(inherited) @executable_path/Frameworks";
				PRODUCT_BUNDLE_IDENTIFIER = "com.SwiftApp.Emoji-Dictionariy";
				PRODUCT_NAME = "$(TARGET_NAME)";
				SWIFT_VERSION = 3.0;
			};
			name = Release;
		};
/* End XCBuildConfiguration section */

/* Begin XCConfigurationList section */
		12235BC81EA55FC800727CDE /* Build configuration list for PBXProject "Emoji Dictionariy" */ = {
			isa = XCConfigurationList;
			buildConfigurations = (
				12235BDD1EA55FC800727CDE /* Debug */,
				12235BDE1EA55FC800727CDE /* Release */,
			);
			defaultConfigurationIsVisible = 0;
			defaultConfigurationName = Release;
		};
		12235BDF1EA55FC800727CDE /* Build configuration list for PBXNativeTarget "Emoji Dictionariy" */ = {
			isa = XCConfigurationList;
			buildConfigurations = (
				12235BE01EA55FC800727CDE /* Debug */,
				12235BE11EA55FC800727CDE /* Release */,
			);
			defaultConfigurationIsVisible = 0;
			defaultConfigurationName = Release;
		};
/* End XCConfigurationList section */
	};
	rootObject = 12235BC51EA55FC800727CDE /* Project object */;
}
